
Microsoft Visual Studio Solution File, Format Version 12.00
# Visual Studio Version 16
VisualStudioVersion = 16.0.30114.105
MinimumVisualStudioVersion = 10.0.40219.1
Project("{2150E333-8FDC-42A3-9474-1A3956D46DE8}") = "src", "src", "{1B5AC424-5EDB-4EB5-9EBC-BBD2AD121085}"
EndProject
Project("{FAE04EC0-301F-11D3-BF4B-00C04F79EFBC}") = "SimpleAPI", "src\SimpleAPI\SimpleAPI.csproj", "{14E6D7B8-FDCE-4B35-B117-689575918DBA}"
EndProject
Project("{2150E333-8FDC-42A3-9474-1A3956D46DE8}") = "test", "test", "{595C5A26-9E56-423E-BF49-4487382B0C24}"
EndProject
Project("{FAE04EC0-301F-11D3-BF4B-00C04F79EFBC}") = "SimpleAPI.Tests", "test\SimpleAPI.Tests\SimpleAPI.Tests.csproj", "{2A61147E-64B4-4B74-9532-221C706A1CED}"
EndProject
Global
	GlobalSection(SolutionConfigurationPlatforms) = preSolution
		Debug|Any CPU = Debug|Any CPU
		Debug|x64 = Debug|x64
		Debug|x86 = Debug|x86
		Release|Any CPU = Release|Any CPU
		Release|x64 = Release|x64
		Release|x86 = Release|x86
	EndGlobalSection
	GlobalSection(SolutionProperties) = preSolution
		HideSolutionNode = FALSE
	EndGlobalSection
	GlobalSection(ProjectConfigurationPlatforms) = postSolution
		{14E6D7B8-FDCE-4B35-B117-689575918DBA}.Debug|Any CPU.ActiveCfg = Debug|Any CPU
		{14E6D7B8-FDCE-4B35-B117-689575918DBA}.Debug|Any CPU.Build.0 = Debug|Any CPU
		{14E6D7B8-FDCE-4B35-B117-689575918DBA}.Debug|x64.ActiveCfg = Debug|Any CPU
		{14E6D7B8-FDCE-4B35-B117-689575918DBA}.Debug|x64.Build.0 = Debug|Any CPU
		{14E6D7B8-FDCE-4B35-B117-689575918DBA}.Debug|x86.ActiveCfg = Debug|Any CPU
		{14E6D7B8-FDCE-4B35-B117-689575918DBA}.Debug|x86.Build.0 = Debug|Any CPU
		{14E6D7B8-FDCE-4B35-B117-689575918DBA}.Release|Any CPU.ActiveCfg = Release|Any CPU
		{14E6D7B8-FDCE-4B35-B117-689575918DBA}.Release|Any CPU.Build.0 = Release|Any CPU
		{14E6D7B8-FDCE-4B35-B117-689575918DBA}.Release|x64.ActiveCfg = Release|Any CPU
		{14E6D7B8-FDCE-4B35-B117-689575918DBA}.Release|x64.Build.0 = Release|Any CPU
		{14E6D7B8-FDCE-4B35-B117-689575918DBA}.Release|x86.ActiveCfg = Release|Any CPU
		{14E6D7B8-FDCE-4B35-B117-689575918DBA}.Release|x86.Build.0 = Release|Any CPU
		{2A61147E-64B4-4B74-9532-221C706A1CED}.Debug|Any CPU.ActiveCfg = Debug|Any CPU
		{2A61147E-64B4-4B74-9532-221C706A1CED}.Debug|Any CPU.Build.0 = Debug|Any CPU
		{2A61147E-64B4-4B74-9532-221C706A1CED}.Debug|x64.ActiveCfg = Debug|Any CPU
		{2A61147E-64B4-4B74-9532-221C706A1CED}.Debug|x64.Build.0 = Debug|Any CPU
		{2A61147E-64B4-4B74-9532-221C706A1CED}.Debug|x86.ActiveCfg = Debug|Any CPU
		{2A61147E-64B4-4B74-9532-221C706A1CED}.Debug|x86.Build.0 = Debug|Any CPU
		{2A61147E-64B4-4B74-9532-221C706A1CED}.Release|Any CPU.ActiveCfg = Release|Any CPU
		{2A61147E-64B4-4B74-9532-221C706A1CED}.Release|Any CPU.Build.0 = Release|Any CPU
		{2A61147E-64B4-4B74-9532-221C706A1CED}.Release|x64.ActiveCfg = Release|Any CPU
		{2A61147E-64B4-4B74-9532-221C706A1CED}.Release|x64.Build.0 = Release|Any CPU
		{2A61147E-64B4-4B74-9532-221C706A1CED}.Release|x86.ActiveCfg = Release|Any CPU
		{2A61147E-64B4-4B74-9532-221C706A1CED}.Release|x86.Build.0 = Release|Any CPU
	EndGlobalSection
	GlobalSection(NestedProjects) = preSolution
		{14E6D7B8-FDCE-4B35-B117-689575918DBA} = {1B5AC424-5EDB-4EB5-9EBC-BBD2AD121085}
		{2A61147E-64B4-4B74-9532-221C706A1CED} = {595C5A26-9E56-423E-BF49-4487382B0C24}
	EndGlobalSection
EndGlobal
